// !$*UTF8*$!
{
	archiveVersion = 1;
	classes = {
	};
	objectVersion = 46;
	objects = {

/* Begin PBXBuildFile section */
		06F153F61D5DB09000A66C8C /* main.m in Sources */ = {isa = PBXBuildFile; fileRef = 06F153F51D5DB09000A66C8C /* main.m */; };
		06F153F91D5DB09000A66C8C /* AppDelegate.m in Sources */ = {isa = PBXBuildFile; fileRef = 06F153F81D5DB09000A66C8C /* AppDelegate.m */; };
		06F153FC1D5DB09000A66C8C /* ViewController.m in Sources */ = {isa = PBXBuildFile; fileRef = 06F153FB1D5DB09000A66C8C /* ViewController.m */; };
		06F153FF1D5DB09000A66C8C /* Main.storyboard in Resources */ = {isa = PBXBuildFile; fileRef = 06F153FD1D5DB09000A66C8C /* Main.storyboard */; };
		06F154011D5DB09000A66C8C /* Assets.xcassets in Resources */ = {isa = PBXBuildFile; fileRef = 06F154001D5DB09000A66C8C /* Assets.xcassets */; };
		06F154041D5DB09000A66C8C /* LaunchScreen.storyboard in Resources */ = {isa = PBXBuildFile; fileRef = 06F154021D5DB09000A66C8C /* LaunchScreen.storyboard */; };
/* End PBXBuildFile section */

/* Begin PBXFileReference section */
		06F153F11D5DB09000A66C8C /* test.app */ = {isa = PBXFileReference; explicitFileType = wrapper.application; includeInIndex = 0; path = test.app; sourceTree = BUILT_PRODUCTS_DIR; };
		06F153F51D5DB09000A66C8C /* main.m */ = {isa = PBXFileReference; lastKnownFileType = sourcecode.c.objc; path = main.m; sourceTree = "<group>"; };
		06F153F71D5DB09000A66C8C /* AppDelegate.h */ = {isa = PBXFileReference; lastKnownFileType = sourcecode.c.h; path = AppDelegate.h; sourceTree = "<group>"; };
		06F153F81D5DB09000A66C8C /* AppDelegate.m */ = {isa = PBXFileReference; lastKnownFileType = sourcecode.c.objc; path = AppDelegate.m; sourceTree = "<group>"; };
		06F153FA1D5DB09000A66C8C /* ViewController.h */ = {isa = PBXFileReference; lastKnownFileType = sourcecode.c.h; path = ViewController.h; sourceTree = "<group>"; };
		06F153FB1D5DB09000A66C8C /* ViewController.m */ = {isa = PBXFileReference; lastKnownFileType = sourcecode.c.objc; path = ViewController.m; sourceTree = "<group>"; };
		06F153FE1D5DB09000A66C8C /* Base */ = {isa = PBXFileReference; lastKnownFileType = file.storyboard; name = Base; path = Base.lproj/Main.storyboard; sourceTree = "<group>"; };
		06F154001D5DB09000A66C8C /* Assets.xcassets */ = {isa = PBXFileReference; lastKnownFileType = folder.assetcatalog; path = Assets.xcassets; sourceTree = "<group>"; };
		06F154031D5DB09000A66C8C /* Base */ = {isa = PBXFileReference; lastKnownFileType = file.storyboard; name = Base; path = Base.lproj/LaunchScreen.storyboard; sourceTree = "<group>"; };
		06F154051D5DB09000A66C8C /* Info.plist */ = {isa = PBXFileReference; lastKnownFileType = text.plist.xml; path = Info.plist; sourceTree = "<group>"; };
/* End PBXFileReference section */

/* Begin PBXFrameworksBuildPhase section */
		06F153EE1D5DB09000A66C8C /* Frameworks */ = {
			isa = PBXFrameworksBuildPhase;
			buildActionMask = 2147483647;
			files = (
			);
			runOnlyForDeploymentPostprocessing = 0;
		};
/* End PBXFrameworksBuildPhase section */

/* Begin PBXGroup section */
		06F153E81D5DB09000A66C8C = {
			isa = PBXGroup;
			children = (
				06F153F31D5DB09000A66C8C /* test */,
				06F153F21D5DB09000A66C8C /* Products */,
			);
			sourceTree = "<group>";
		};
		06F153F21D5DB09000A66C8C /* Products */ = {
			isa = PBXGroup;
			children = (
				06F153F11D5DB09000A66C8C /* test.app */,
			);
			name = Products;
			sourceTree = "<group>";
		};
		06F153F31D5DB09000A66C8C /* test */ = {
			isa = PBXGroup;
			children = (
				06F153F71D5DB09000A66C8C /* AppDelegate.h */,
				06F153F81D5DB09000A66C8C /* AppDelegate.m */,
				06F153FA1D5DB09000A66C8C /* ViewController.h */,
				06F153FB1D5DB09000A66C8C /* ViewController.m */,
				06F153FD1D5DB09000A66C8C /* Main.storyboard */,
				06F154001D5DB09000A66C8C /* Assets.xcassets */,
				06F154021D5DB09000A66C8C /* LaunchScreen.storyboard */,
				06F154051D5DB09000A66C8C /* Info.plist */,
				06F153F41D5DB09000A66C8C /* Supporting Files */,
			);
			path = test;
			sourceTree = "<group>";
		};
		06F153F41D5DB09000A66C8C /* Supporting Files */ = {
			isa = PBXGroup;
			children = (
				06F153F51D5DB09000A66C8C /* main.m */,
			);
			name = "Supporting Files";
			sourceTree = "<group>";
		};
/* End PBXGroup section */

/* Begin PBXNativeTarget section */
		06F153F01D5DB09000A66C8C /* test */ = {
			isa = PBXNativeTarget;
			buildConfigurationList = 06F154081D5DB09000A66C8C /* Build configuration list for PBXNativeTarget "test" */;
			buildPhases = (
				06F153ED1D5DB09000A66C8C /* Sources */,
				06F153EE1D5DB09000A66C8C /* Frameworks */,
				06F153EF1D5DB09000A66C8C /* Resources */,
			);
			buildRules = (
			);
			dependencies = (
			);
			name = test;
			productName = test;
			productReference = 06F153F11D5DB09000A66C8C /* test.app */;
			productType = "com.apple.product-type.application";
		};
/* End PBXNativeTarget section */

/* Begin PBXProject section */
		06F153E91D5DB09000A66C8C /* Project object */ = {
			isa = PBXProject;
			attributes = {
				LastUpgradeCheck = 0700;
				ORGANIZATIONNAME = os4ed;
				TargetAttributes = {
					06F153F01D5DB09000A66C8C = {
						CreatedOnToolsVersion = 7.0;
					};
				};
			};
			buildConfigurationList = 06F153EC1D5DB09000A66C8C /* Build configuration list for PBXProject "test" */;
			compatibilityVersion = "Xcode 3.2";
			developmentRegion = English;
			hasScannedForEncodings = 0;
			knownRegions = (
				en,
				Base,
			);
			mainGroup = 06F153E81D5DB09000A66C8C;
			productRefGroup = 06F153F21D5DB09000A66C8C /* Products */;
			projectDirPath = "";
			projectRoot = "";
			targets = (
				06F153F01D5DB09000A66C8C /* test */,
			);
		};
/* End PBXProject section */

/* Begin PBXResourcesBuildPhase section */
		06F153EF1D5DB09000A66C8C /* Resources */ = {
			isa = PBXResourcesBuildPhase;
			buildActionMask = 2147483647;
			files = (
				06F154041D5DB09000A66C8C /* LaunchScreen.storyboard in Resources */,
				06F154011D5DB09000A66C8C /* Assets.xcassets in Resources */,
				06F153FF1D5DB09000A66C8C /* Main.storyboard in Resources */,
			);
			runOnlyForDeploymentPostprocessing = 0;
		};
/* End PBXResourcesBuildPhase section */

/* Begin PBXSourcesBuildPhase section */
		06F153ED1D5DB09000A66C8C /* Sources */ = {
			isa = PBXSourcesBuildPhase;
			buildActionMask = 2147483647;
			files = (
				06F153FC1D5DB09000A66C8C /* ViewController.m in Sources */,
				06F153F91D5DB09000A66C8C /* AppDelegate.m in Sources */,
				06F153F61D5DB09000A66C8C /* main.m in Sources */,
			);
			runOnlyForDeploymentPostprocessing = 0;
		};
/* End PBXSourcesBuildPhase section */

/* Begin PBXVariantGroup section */
		06F153FD1D5DB09000A66C8C /* Main.storyboard */ = {
			isa = PBXVariantGroup;
			children = (
				06F153FE1D5DB09000A66C8C /* Base */,
			);
			name = Main.storyboard;
			sourceTree = "<group>";
		};
		06F154021D5DB09000A66C8C /* LaunchScreen.storyboard */ = {
			isa = PBXVariantGroup;
			children = (
				06F154031D5DB09000A66C8C /* Base */,
			);
			name = LaunchScreen.storyboard;
			sourceTree = "<group>";
		};
/* End PBXVariantGroup section */

/* Begin XCBuildConfiguration section */
		06F154061D5DB09000A66C8C /* Debug */ = {
			isa = XCBuildConfiguration;
			buildSettings = {
				ALWAYS_SEARCH_USER_PATHS = NO;
				CLANG_CXX_LANGUAGE_STANDARD = "gnu++0x";
				CLANG_CXX_LIBRARY = "libc++";
				CLANG_ENABLE_MODULES = YES;
				CLANG_ENABLE_OBJC_ARC = YES;
				CLANG_WARN_BOOL_CONVERSION = YES;
				CLANG_WARN_CONSTANT_CONVERSION = YES;
				CLANG_WARN_DIRECT_OBJC_ISA_USAGE = YES_ERROR;
				CLANG_WARN_EMPTY_BODY = YES;
				CLANG_WARN_ENUM_CONVERSION = YES;
				CLANG_WARN_INT_CONVERSION = YES;
				CLANG_WARN_OBJC_ROOT_CLASS = YES_ERROR;
				CLANG_WARN_UNREACHABLE_CODE = YES;
				CLANG_WARN__DUPLICATE_METHOD_MATCH = YES;
				"CODE_SIGN_IDENTITY[sdk=iphoneos*]" = "iPhone Developer";
				COPY_PHASE_STRIP = NO;
				DEBUG_INFORMATION_FORMAT = dwarf;
				ENABLE_STRICT_OBJC_MSGSEND = YES;
				ENABLE_TESTABILITY = YES;
				GCC_C_LANGUAGE_STANDARD = gnu99;
				GCC_DYNAMIC_NO_PIC = NO;
				GCC_NO_COMMON_BLOCKS = YES;
				GCC_OPTIMIZATION_LEVEL = 0;
				GCC_PREPROCESSOR_DEFINITIONS = (
					"DEBUG=1",
					"$(inherited)",
				);
				GCC_WARN_64_TO_32_BIT_CONVERSION = YES;
				GCC_WARN_ABOUT_RETURN_TYPE = YES_ERROR;
				GCC_WARN_UNDECLARED_SELECTOR = YES;
				GCC_WARN_UNINITIALIZED_AUTOS = YES_AGGRESSIVE;
				GCC_WARN_UNUSED_FUNCTION = YES;
				GCC_WARN_UNUSED_VARIABLE = YES;
				IPHONEOS_DEPLOYMENT_TARGET = 9.0;
				MTL_ENABLE_DEBUG_INFO = YES;
				ONLY_ACTIVE_ARCH = YES;
				SDKROOT = iphoneos;
			};
			name = Debug;
		};
		06F154071D5DB09000A66C8C /* Release */ = {
			isa = XCBuildConfiguration;
			buildSettings = {
				ALWAYS_SEARCH_USER_PATHS = NO;
				CLANG_CXX_LANGUAGE_STANDARD = "gnu++0x";
				CLANG_CXX_LIBRARY = "libc++";
				CLANG_ENABLE_MODULES = YES;
				CLANG_ENABLE_OBJC_ARC = YES;
				CLANG_WARN_BOOL_CONVERSION = YES;
				CLANG_WARN_CONSTANT_CONVERSION = YES;
				CLANG_WARN_DIRECT_OBJC_ISA_USAGE = YES_ERROR;
				CLANG_WARN_EMPTY_BODY = YES;
				CLANG_WARN_ENUM_CONVERSION = YES;
				CLANG_WARN_INT_CONVERSION = YES;
				CLANG_WARN_OBJC_ROOT_CLASS = YES_ERROR;
				CLANG_WARN_UNREACHABLE_CODE = YES;
				CLANG_WARN__DUPLICATE_METHOD_MATCH = YES;
				"CODE_SIGN_IDENTITY[sdk=iphoneos*]" = "iPhone Developer";
				COPY_PHASE_STRIP = NO;
				DEBUG_INFORMATION_FORMAT = "dwarf-with-dsym";
				ENABLE_NS_ASSERTIONS = NO;
				ENABLE_STRICT_OBJC_MSGSEND = YES;
				GCC_C_LANGUAGE_STANDARD = gnu99;
				GCC_NO_COMMON_BLOCKS = YES;
				GCC_WARN_64_TO_32_BIT_CONVERSION = YES;
				GCC_WARN_ABOUT_RETURN_TYPE = YES_ERROR;
				GCC_WARN_UNDECLARED_SELECTOR = YES;
				GCC_WARN_UNINITIALIZED_AUTOS = YES_AGGRESSIVE;
				GCC_WARN_UNUSED_FUNCTION = YES;
				GCC_WARN_UNUSED_VARIABLE = YES;
				IPHONEOS_DEPLOYMENT_TARGET = 9.0;
				MTL_ENABLE_DEBUG_INFO = NO;
				SDKROOT = iphoneos;
				VALIDATE_PRODUCT = YES;
			};
			name = Release;
		};
		06F154091D5DB09000A66C8C /* Debug */ = {
			isa = XCBuildConfiguration;
			buildSettings = {
				ASSETCATALOG_COMPILER_APPICON_NAME = AppIcon;
				INFOPLIST_FILE = test/Info.plist;
				LD_RUNPATH_SEARCH_PATHS = "$(inherited) @executable_path/Frameworks";
				PRODUCT_BUNDLE_IDENTIFIER = ejob.test;
				PRODUCT_NAME = "$(TARGET_NAME)";
			};
			name = Debug;
		};
		06F1540A1D5DB09000A66C8C /* Release */ = {
			isa = XCBuildConfiguration;
			buildSettings = {
				ASSETCATALOG_COMPILER_APPICON_NAME = AppIcon;
				INFOPLIST_FILE = test/Info.plist;
				LD_RUNPATH_SEARCH_PATHS = "$(inherited) @executable_path/Frameworks";
				PRODUCT_BUNDLE_IDENTIFIER = ejob.test;
				PRODUCT_NAME = "$(TARGET_NAME)";
			};
			name = Release;
		};
/* End XCBuildConfiguration section */

/* Begin XCConfigurationList section */
		06F153EC1D5DB09000A66C8C /* Build configuration list for PBXProject "test" */ = {
			isa = XCConfigurationList;
			buildConfigurations = (
				06F154061D5DB09000A66C8C /* Debug */,
				06F154071D5DB09000A66C8C /* Release */,
			);
			defaultConfigurationIsVisible = 0;
			defaultConfigurationName = Release;
		};
		06F154081D5DB09000A66C8C /* Build configuration list for PBXNativeTarget "test" */ = {
			isa = XCConfigurationList;
			buildConfigurations = (
				06F154091D5DB09000A66C8C /* Debug */,
				06F1540A1D5DB09000A66C8C /* Release */,
			);
			defaultConfigurationIsVisible = 0;
		};
/* End XCConfigurationList section */
	};
	rootObject = 06F153E91D5DB09000A66C8C /* Project object */;
}
